{
  "name": "lambda-photo-picker",
  "version": "1.0.0",
  "lockfileVersion": 1,
  "requires": true,
  "dependencies": {
    "gettyimages-api": {
      "version": "3.1.1",
      "resolved": "https://registry.npmjs.org/gettyimages-api/-/gettyimages-api-3.1.1.tgz",
      "integrity": "sha512-FasOevPT+ATUn2Q0zGUutTwCSAKEvHh6DT7PyvUOa12Z4WMeiNqmmGzKyRtM2EJl+x79CrBFr3x8x5OHALXpfg=="
    }
  }
}
